
Microsoft Visual Studio Solution File, Format Version 12.00
# Visual Studio 14
VisualStudioVersion = 14.0.24720.0
MinimumVisualStudioVersion = 10.0.40219.1
Project("{FAE04EC0-301F-11D3-BF4B-00C04F79EFBC}") = "RouterAdmin", "RouterAdmin\RouterAdmin.csproj", "{AAD882B3-0ECE-4C3A-9A3C-57EAC2493AFA}"
EndProject
Global
	GlobalSection(SolutionConfigurationPlatforms) = preSolution
		Debug|Any CPU = Debug|Any CPU
		Release|Any CPU = Release|Any CPU
	EndGlobalSection
	GlobalSection(ProjectConfigurationPlatforms) = postSolution
		{AAD882B3-0ECE-4C3A-9A3C-57EAC2493AFA}.Debug|Any CPU.ActiveCfg = Debug|Any CPU
		{AAD882B3-0ECE-4C3A-9A3C-57EAC2493AFA}.Debug|Any CPU.Build.0 = Debug|Any CPU
		{AAD882B3-0ECE-4C3A-9A3C-57EAC2493AFA}.Release|Any CPU.ActiveCfg = Release|Any CPU
		{AAD882B3-0ECE-4C3A-9A3C-57EAC2493AFA}.Release|Any CPU.Build.0 = Release|Any CPU
	EndGlobalSection
	GlobalSection(SolutionProperties) = preSolution
		HideSolutionNode = FALSE
	EndGlobalSection
EndGlobal
